
Microsoft Visual Studio Solution File, Format Version 12.00
# Visual Studio Version 17
VisualStudioVersion = 17.7.34031.279
MinimumVisualStudioVersion = 10.0.40219.1
Project("{FAE04EC0-301F-11D3-BF4B-00C04F79EFBC}") = "PRACTIKA_2", "PRACTIKA_2\PRACTIKA_2.csproj", "{DB63A112-7661-4DE6-ABD2-9372645049CC}"
EndProject
Global
	GlobalSection(SolutionConfigurationPlatforms) = preSolution
		Debug|Any CPU = Debug|Any CPU
		Release|Any CPU = Release|Any CPU
	EndGlobalSection
	GlobalSection(ProjectConfigurationPlatforms) = postSolution
		{DB63A112-7661-4DE6-ABD2-9372645049CC}.Debug|Any CPU.ActiveCfg = Debug|Any CPU
		{DB63A112-7661-4DE6-ABD2-9372645049CC}.Debug|Any CPU.Build.0 = Debug|Any CPU
		{DB63A112-7661-4DE6-ABD2-9372645049CC}.Release|Any CPU.ActiveCfg = Release|Any CPU
		{DB63A112-7661-4DE6-ABD2-9372645049CC}.Release|Any CPU.Build.0 = Release|Any CPU
	EndGlobalSection
	GlobalSection(SolutionProperties) = preSolution
		HideSolutionNode = FALSE
	EndGlobalSection
	GlobalSection(ExtensibilityGlobals) = postSolution
		SolutionGuid = {35AF250C-8F34-4ACC-929F-0ED521FC3F78}
	EndGlobalSection
EndGlobal
